
Microsoft Visual Studio Solution File, Format Version 12.00
# Visual Studio Version 16
VisualStudioVersion = 16.0.30804.86
MinimumVisualStudioVersion = 10.0.40219.1
Project("{FAE04EC0-301F-11D3-BF4B-00C04F79EFBC}") = "Question1", "Question1\Question1.csproj", "{F24CD5B9-0D4D-4E2C-AD0A-E0AA4428BF1E}"
EndProject
Global
	GlobalSection(SolutionConfigurationPlatforms) = preSolution
		Debug|Any CPU = Debug|Any CPU
		Release|Any CPU = Release|Any CPU
	EndGlobalSection
	GlobalSection(ProjectConfigurationPlatforms) = postSolution
		{F24CD5B9-0D4D-4E2C-AD0A-E0AA4428BF1E}.Debug|Any CPU.ActiveCfg = Debug|Any CPU
		{F24CD5B9-0D4D-4E2C-AD0A-E0AA4428BF1E}.Debug|Any CPU.Build.0 = Debug|Any CPU
		{F24CD5B9-0D4D-4E2C-AD0A-E0AA4428BF1E}.Release|Any CPU.ActiveCfg = Release|Any CPU
		{F24CD5B9-0D4D-4E2C-AD0A-E0AA4428BF1E}.Release|Any CPU.Build.0 = Release|Any CPU
	EndGlobalSection
	GlobalSection(SolutionProperties) = preSolution
		HideSolutionNode = FALSE
	EndGlobalSection
	GlobalSection(ExtensibilityGlobals) = postSolution
		SolutionGuid = {E511A4ED-4096-4163-A4AF-7C9AD9F94298}
	EndGlobalSection
EndGlobal
